
Microsoft Visual Studio Solution File, Format Version 12.00
# Visual Studio Version 18
VisualStudioVersion = 18.3.11520.95
MinimumVisualStudioVersion = 10.0.40219.1
Project("{FAE04EC0-301F-11D3-BF4B-00C04F79EFBC}") = "Cart Management", "Cart Management.csproj", "{10DAEC46-6C89-4D83-812B-25EF039AA182}"
EndProject
Project("{FAE04EC0-301F-11D3-BF4B-00C04F79EFBC}") = "Cart Management.Core", "..\Cart Management.Core\Cart Management.Core.csproj", "{081C6E14-B332-4D44-AEF2-EC7FEB0D5485}"
EndProject
Project("{FAE04EC0-301F-11D3-BF4B-00C04F79EFBC}") = "Cart Management.DataService", "..\Cart Management.DataService\Cart Management.DataService.csproj", "{9D91F6FC-047A-4F50-9080-A1AA24664B3A}"
EndProject
Project("{FAE04EC0-301F-11D3-BF4B-00C04F79EFBC}") = "Cart Management.ApplicationService", "..\Cart Management.ApplicationService\Cart Management.ApplicationService.csproj", "{0B6D2C5F-957A-4A5A-B829-B1A229C7C8C1}"
EndProject
Global
	GlobalSection(SolutionConfigurationPlatforms) = preSolution
		Debug|Any CPU = Debug|Any CPU
		Release|Any CPU = Release|Any CPU
	EndGlobalSection
	GlobalSection(ProjectConfigurationPlatforms) = postSolution
		{10DAEC46-6C89-4D83-812B-25EF039AA182}.Debug|Any CPU.ActiveCfg = Debug|Any CPU
		{10DAEC46-6C89-4D83-812B-25EF039AA182}.Debug|Any CPU.Build.0 = Debug|Any CPU
		{10DAEC46-6C89-4D83-812B-25EF039AA182}.Release|Any CPU.ActiveCfg = Release|Any CPU
		{10DAEC46-6C89-4D83-812B-25EF039AA182}.Release|Any CPU.Build.0 = Release|Any CPU
		{081C6E14-B332-4D44-AEF2-EC7FEB0D5485}.Debug|Any CPU.ActiveCfg = Debug|Any CPU
		{081C6E14-B332-4D44-AEF2-EC7FEB0D5485}.Debug|Any CPU.Build.0 = Debug|Any CPU
		{081C6E14-B332-4D44-AEF2-EC7FEB0D5485}.Release|Any CPU.ActiveCfg = Release|Any CPU
		{081C6E14-B332-4D44-AEF2-EC7FEB0D5485}.Release|Any CPU.Build.0 = Release|Any CPU
		{9D91F6FC-047A-4F50-9080-A1AA24664B3A}.Debug|Any CPU.ActiveCfg = Debug|Any CPU
		{9D91F6FC-047A-4F50-9080-A1AA24664B3A}.Debug|Any CPU.Build.0 = Debug|Any CPU
		{9D91F6FC-047A-4F50-9080-A1AA24664B3A}.Release|Any CPU.ActiveCfg = Release|Any CPU
		{9D91F6FC-047A-4F50-9080-A1AA24664B3A}.Release|Any CPU.Build.0 = Release|Any CPU
		{0B6D2C5F-957A-4A5A-B829-B1A229C7C8C1}.Debug|Any CPU.ActiveCfg = Debug|Any CPU
		{0B6D2C5F-957A-4A5A-B829-B1A229C7C8C1}.Debug|Any CPU.Build.0 = Debug|Any CPU
		{0B6D2C5F-957A-4A5A-B829-B1A229C7C8C1}.Release|Any CPU.ActiveCfg = Release|Any CPU
		{0B6D2C5F-957A-4A5A-B829-B1A229C7C8C1}.Release|Any CPU.Build.0 = Release|Any CPU
	EndGlobalSection
	GlobalSection(SolutionProperties) = preSolution
		HideSolutionNode = FALSE
	EndGlobalSection
	GlobalSection(ExtensibilityGlobals) = postSolution
		SolutionGuid = {C80E2F13-DAA2-4BDD-AE99-BC2C0DEC82F2}
	EndGlobalSection
EndGlobal
